// !$*UTF8*$!
{
	archiveVersion = 1;
	classes = {
	};
	objectVersion = 46;
	objects = {

/* Begin PBXBuildFile section */
		DC1E4B511A7F54F00009E59F /* FsSpineExtention.cc in Sources */ = {isa = PBXBuildFile; fileRef = DC1E4B201A7F54F00009E59F /* FsSpineExtention.cc */; };
		DC1E4B521A7F54F00009E59F /* FsSpineSprite.cc in Sources */ = {isa = PBXBuildFile; fileRef = DC1E4B211A7F54F00009E59F /* FsSpineSprite.cc */; };
		DC1E4B531A7F54F00009E59F /* FsSpineSpriteData.cc in Sources */ = {isa = PBXBuildFile; fileRef = DC1E4B231A7F54F00009E59F /* FsSpineSpriteData.cc */; };
		DC1E4B541A7F54F00009E59F /* FsSpineSpriteDataMgr.cc in Sources */ = {isa = PBXBuildFile; fileRef = DC1E4B251A7F54F00009E59F /* FsSpineSpriteDataMgr.cc */; };
		DC1E4B551A7F54F00009E59F /* FsTextureAttachment.cc in Sources */ = {isa = PBXBuildFile; fileRef = DC1E4B271A7F54F00009E59F /* FsTextureAttachment.cc */; };
		DC1E4B561A7F54F00009E59F /* FsTextureAttachmentLoader.cc in Sources */ = {isa = PBXBuildFile; fileRef = DC1E4B291A7F54F00009E59F /* FsTextureAttachmentLoader.cc */; };
		DC1E4B571A7F54F00009E59F /* Animation.cc in Sources */ = {isa = PBXBuildFile; fileRef = DC1E4B2C1A7F54F00009E59F /* Animation.cc */; };
		DC1E4B581A7F54F00009E59F /* AnimationState.cc in Sources */ = {isa = PBXBuildFile; fileRef = DC1E4B2E1A7F54F00009E59F /* AnimationState.cc */; };
		DC1E4B591A7F54F00009E59F /* AnimationStateData.cc in Sources */ = {isa = PBXBuildFile; fileRef = DC1E4B301A7F54F00009E59F /* AnimationStateData.cc */; };
		DC1E4B5A1A7F54F00009E59F /* Atlas.cc in Sources */ = {isa = PBXBuildFile; fileRef = DC1E4B321A7F54F00009E59F /* Atlas.cc */; };
		DC1E4B5B1A7F54F00009E59F /* AtlasAttachmentLoader.cc in Sources */ = {isa = PBXBuildFile; fileRef = DC1E4B341A7F54F00009E59F /* AtlasAttachmentLoader.cc */; };
		DC1E4B5C1A7F54F00009E59F /* Attachment.cc in Sources */ = {isa = PBXBuildFile; fileRef = DC1E4B361A7F54F00009E59F /* Attachment.cc */; };
		DC1E4B5D1A7F54F00009E59F /* AttachmentLoader.cc in Sources */ = {isa = PBXBuildFile; fileRef = DC1E4B381A7F54F00009E59F /* AttachmentLoader.cc */; };
		DC1E4B5E1A7F54F00009E59F /* Bone.cc in Sources */ = {isa = PBXBuildFile; fileRef = DC1E4B3A1A7F54F00009E59F /* Bone.cc */; };
		DC1E4B5F1A7F54F00009E59F /* BoneData.cc in Sources */ = {isa = PBXBuildFile; fileRef = DC1E4B3C1A7F54F00009E59F /* BoneData.cc */; };
		DC1E4B601A7F54F00009E59F /* extension.cc in Sources */ = {isa = PBXBuildFile; fileRef = DC1E4B3E1A7F54F00009E59F /* extension.cc */; };
		DC1E4B611A7F54F00009E59F /* Json.cc in Sources */ = {isa = PBXBuildFile; fileRef = DC1E4B401A7F54F00009E59F /* Json.cc */; };
		DC1E4B621A7F54F00009E59F /* RegionAttachment.cc in Sources */ = {isa = PBXBuildFile; fileRef = DC1E4B421A7F54F00009E59F /* RegionAttachment.cc */; };
		DC1E4B631A7F54F00009E59F /* Skeleton.cc in Sources */ = {isa = PBXBuildFile; fileRef = DC1E4B441A7F54F00009E59F /* Skeleton.cc */; };
		DC1E4B641A7F54F00009E59F /* SkeletonData.cc in Sources */ = {isa = PBXBuildFile; fileRef = DC1E4B461A7F54F00009E59F /* SkeletonData.cc */; };
		DC1E4B651A7F54F00009E59F /* SkeletonJson.cc in Sources */ = {isa = PBXBuildFile; fileRef = DC1E4B481A7F54F00009E59F /* SkeletonJson.cc */; };
		DC1E4B661A7F54F00009E59F /* Skin.cc in Sources */ = {isa = PBXBuildFile; fileRef = DC1E4B4A1A7F54F00009E59F /* Skin.cc */; };
		DC1E4B671A7F54F00009E59F /* Slot.cc in Sources */ = {isa = PBXBuildFile; fileRef = DC1E4B4C1A7F54F00009E59F /* Slot.cc */; };
		DC1E4B681A7F54F00009E59F /* SlotData.cc in Sources */ = {isa = PBXBuildFile; fileRef = DC1E4B4E1A7F54F00009E59F /* SlotData.cc */; };
/* End PBXBuildFile section */

/* Begin PBXCopyFilesBuildPhase section */
		DC1E4B021A7F54660009E59F /* CopyFiles */ = {
			isa = PBXCopyFilesBuildPhase;
			buildActionMask = 2147483647;
			dstPath = "include/$(PRODUCT_NAME)";
			dstSubfolderSpec = 16;
			files = (
			);
			runOnlyForDeploymentPostprocessing = 0;
		};
/* End PBXCopyFilesBuildPhase section */

/* Begin PBXFileReference section */
		DC1E4B1E1A7F54E40009E59F /* liblibspinesprited.a */ = {isa = PBXFileReference; explicitFileType = archive.ar; includeInIndex = 0; path = liblibspinesprited.a; sourceTree = BUILT_PRODUCTS_DIR; };
		DC1E4B201A7F54F00009E59F /* FsSpineExtention.cc */ = {isa = PBXFileReference; fileEncoding = 4; lastKnownFileType = sourcecode.cpp.cpp; path = FsSpineExtention.cc; sourceTree = "<group>"; };
		DC1E4B211A7F54F00009E59F /* FsSpineSprite.cc */ = {isa = PBXFileReference; fileEncoding = 4; lastKnownFileType = sourcecode.cpp.cpp; path = FsSpineSprite.cc; sourceTree = "<group>"; };
		DC1E4B221A7F54F00009E59F /* FsSpineSprite.h */ = {isa = PBXFileReference; fileEncoding = 4; lastKnownFileType = sourcecode.c.h; path = FsSpineSprite.h; sourceTree = "<group>"; };
		DC1E4B231A7F54F00009E59F /* FsSpineSpriteData.cc */ = {isa = PBXFileReference; fileEncoding = 4; lastKnownFileType = sourcecode.cpp.cpp; path = FsSpineSpriteData.cc; sourceTree = "<group>"; };
		DC1E4B241A7F54F00009E59F /* FsSpineSpriteData.h */ = {isa = PBXFileReference; fileEncoding = 4; lastKnownFileType = sourcecode.c.h; path = FsSpineSpriteData.h; sourceTree = "<group>"; };
		DC1E4B251A7F54F00009E59F /* FsSpineSpriteDataMgr.cc */ = {isa = PBXFileReference; fileEncoding = 4; lastKnownFileType = sourcecode.cpp.cpp; path = FsSpineSpriteDataMgr.cc; sourceTree = "<group>"; };
		DC1E4B261A7F54F00009E59F /* FsSpineSpriteDataMgr.h */ = {isa = PBXFileReference; fileEncoding = 4; lastKnownFileType = sourcecode.c.h; path = FsSpineSpriteDataMgr.h; sourceTree = "<group>"; };
		DC1E4B271A7F54F00009E59F /* FsTextureAttachment.cc */ = {isa = PBXFileReference; fileEncoding = 4; lastKnownFileType = sourcecode.cpp.cpp; path = FsTextureAttachment.cc; sourceTree = "<group>"; };
		DC1E4B281A7F54F00009E59F /* FsTextureAttachment.h */ = {isa = PBXFileReference; fileEncoding = 4; lastKnownFileType = sourcecode.c.h; path = FsTextureAttachment.h; sourceTree = "<group>"; };
		DC1E4B291A7F54F00009E59F /* FsTextureAttachmentLoader.cc */ = {isa = PBXFileReference; fileEncoding = 4; lastKnownFileType = sourcecode.cpp.cpp; path = FsTextureAttachmentLoader.cc; sourceTree = "<group>"; };
		DC1E4B2A1A7F54F00009E59F /* FsTextureAttachmentLoader.h */ = {isa = PBXFileReference; fileEncoding = 4; lastKnownFileType = sourcecode.c.h; path = FsTextureAttachmentLoader.h; sourceTree = "<group>"; };
		DC1E4B2C1A7F54F00009E59F /* Animation.cc */ = {isa = PBXFileReference; fileEncoding = 4; lastKnownFileType = sourcecode.cpp.cpp; path = Animation.cc; sourceTree = "<group>"; };
		DC1E4B2D1A7F54F00009E59F /* Animation.h */ = {isa = PBXFileReference; fileEncoding = 4; lastKnownFileType = sourcecode.c.h; path = Animation.h; sourceTree = "<group>"; };
		DC1E4B2E1A7F54F00009E59F /* AnimationState.cc */ = {isa = PBXFileReference; fileEncoding = 4; lastKnownFileType = sourcecode.cpp.cpp; path = AnimationState.cc; sourceTree = "<group>"; };
		DC1E4B2F1A7F54F00009E59F /* AnimationState.h */ = {isa = PBXFileReference; fileEncoding = 4; lastKnownFileType = sourcecode.c.h; path = AnimationState.h; sourceTree = "<group>"; };
		DC1E4B301A7F54F00009E59F /* AnimationStateData.cc */ = {isa = PBXFileReference; fileEncoding = 4; lastKnownFileType = sourcecode.cpp.cpp; path = AnimationStateData.cc; sourceTree = "<group>"; };
		DC1E4B311A7F54F00009E59F /* AnimationStateData.h */ = {isa = PBXFileReference; fileEncoding = 4; lastKnownFileType = sourcecode.c.h; path = AnimationStateData.h; sourceTree = "<group>"; };
		DC1E4B321A7F54F00009E59F /* Atlas.cc */ = {isa = PBXFileReference; fileEncoding = 4; lastKnownFileType = sourcecode.cpp.cpp; path = Atlas.cc; sourceTree = "<group>"; };
		DC1E4B331A7F54F00009E59F /* Atlas.h */ = {isa = PBXFileReference; fileEncoding = 4; lastKnownFileType = sourcecode.c.h; path = Atlas.h; sourceTree = "<group>"; };
		DC1E4B341A7F54F00009E59F /* AtlasAttachmentLoader.cc */ = {isa = PBXFileReference; fileEncoding = 4; lastKnownFileType = sourcecode.cpp.cpp; path = AtlasAttachmentLoader.cc; sourceTree = "<group>"; };
		DC1E4B351A7F54F00009E59F /* AtlasAttachmentLoader.h */ = {isa = PBXFileReference; fileEncoding = 4; lastKnownFileType = sourcecode.c.h; path = AtlasAttachmentLoader.h; sourceTree = "<group>"; };
		DC1E4B361A7F54F00009E59F /* Attachment.cc */ = {isa = PBXFileReference; fileEncoding = 4; lastKnownFileType = sourcecode.cpp.cpp; path = Attachment.cc; sourceTree = "<group>"; };
		DC1E4B371A7F54F00009E59F /* Attachment.h */ = {isa = PBXFileReference; fileEncoding = 4; lastKnownFileType = sourcecode.c.h; path = Attachment.h; sourceTree = "<group>"; };
		DC1E4B381A7F54F00009E59F /* AttachmentLoader.cc */ = {isa = PBXFileReference; fileEncoding = 4; lastKnownFileType = sourcecode.cpp.cpp; path = AttachmentLoader.cc; sourceTree = "<group>"; };
		DC1E4B391A7F54F00009E59F /* AttachmentLoader.h */ = {isa = PBXFileReference; fileEncoding = 4; lastKnownFileType = sourcecode.c.h; path = AttachmentLoader.h; sourceTree = "<group>"; };
		DC1E4B3A1A7F54F00009E59F /* Bone.cc */ = {isa = PBXFileReference; fileEncoding = 4; lastKnownFileType = sourcecode.cpp.cpp; path = Bone.cc; sourceTree = "<group>"; };
		DC1E4B3B1A7F54F00009E59F /* Bone.h */ = {isa = PBXFileReference; fileEncoding = 4; lastKnownFileType = sourcecode.c.h; path = Bone.h; sourceTree = "<group>"; };
		DC1E4B3C1A7F54F00009E59F /* BoneData.cc */ = {isa = PBXFileReference; fileEncoding = 4; lastKnownFileType = sourcecode.cpp.cpp; path = BoneData.cc; sourceTree = "<group>"; };
		DC1E4B3D1A7F54F00009E59F /* BoneData.h */ = {isa = PBXFileReference; fileEncoding = 4; lastKnownFileType = sourcecode.c.h; path = BoneData.h; sourceTree = "<group>"; };
		DC1E4B3E1A7F54F00009E59F /* extension.cc */ = {isa = PBXFileReference; fileEncoding = 4; lastKnownFileType = sourcecode.cpp.cpp; path = extension.cc; sourceTree = "<group>"; };
		DC1E4B3F1A7F54F00009E59F /* extension.h */ = {isa = PBXFileReference; fileEncoding = 4; lastKnownFileType = sourcecode.c.h; path = extension.h; sourceTree = "<group>"; };
		DC1E4B401A7F54F00009E59F /* Json.cc */ = {isa = PBXFileReference; fileEncoding = 4; lastKnownFileType = sourcecode.cpp.cpp; path = Json.cc; sourceTree = "<group>"; };
		DC1E4B411A7F54F00009E59F /* Json.h */ = {isa = PBXFileReference; fileEncoding = 4; lastKnownFileType = sourcecode.c.h; path = Json.h; sourceTree = "<group>"; };
		DC1E4B421A7F54F00009E59F /* RegionAttachment.cc */ = {isa = PBXFileReference; fileEncoding = 4; lastKnownFileType = sourcecode.cpp.cpp; path = RegionAttachment.cc; sourceTree = "<group>"; };
		DC1E4B431A7F54F00009E59F /* RegionAttachment.h */ = {isa = PBXFileReference; fileEncoding = 4; lastKnownFileType = sourcecode.c.h; path = RegionAttachment.h; sourceTree = "<group>"; };
		DC1E4B441A7F54F00009E59F /* Skeleton.cc */ = {isa = PBXFileReference; fileEncoding = 4; lastKnownFileType = sourcecode.cpp.cpp; path = Skeleton.cc; sourceTree = "<group>"; };
		DC1E4B451A7F54F00009E59F /* Skeleton.h */ = {isa = PBXFileReference; fileEncoding = 4; lastKnownFileType = sourcecode.c.h; path = Skeleton.h; sourceTree = "<group>"; };
		DC1E4B461A7F54F00009E59F /* SkeletonData.cc */ = {isa = PBXFileReference; fileEncoding = 4; lastKnownFileType = sourcecode.cpp.cpp; path = SkeletonData.cc; sourceTree = "<group>"; };
		DC1E4B471A7F54F00009E59F /* SkeletonData.h */ = {isa = PBXFileReference; fileEncoding = 4; lastKnownFileType = sourcecode.c.h; path = SkeletonData.h; sourceTree = "<group>"; };
		DC1E4B481A7F54F00009E59F /* SkeletonJson.cc */ = {isa = PBXFileReference; fileEncoding = 4; lastKnownFileType = sourcecode.cpp.cpp; path = SkeletonJson.cc; sourceTree = "<group>"; };
		DC1E4B491A7F54F00009E59F /* SkeletonJson.h */ = {isa = PBXFileReference; fileEncoding = 4; lastKnownFileType = sourcecode.c.h; path = SkeletonJson.h; sourceTree = "<group>"; };
		DC1E4B4A1A7F54F00009E59F /* Skin.cc */ = {isa = PBXFileReference; fileEncoding = 4; lastKnownFileType = sourcecode.cpp.cpp; path = Skin.cc; sourceTree = "<group>"; };
		DC1E4B4B1A7F54F00009E59F /* Skin.h */ = {isa = PBXFileReference; fileEncoding = 4; lastKnownFileType = sourcecode.c.h; path = Skin.h; sourceTree = "<group>"; };
		DC1E4B4C1A7F54F00009E59F /* Slot.cc */ = {isa = PBXFileReference; fileEncoding = 4; lastKnownFileType = sourcecode.cpp.cpp; path = Slot.cc; sourceTree = "<group>"; };
		DC1E4B4D1A7F54F00009E59F /* Slot.h */ = {isa = PBXFileReference; fileEncoding = 4; lastKnownFileType = sourcecode.c.h; path = Slot.h; sourceTree = "<group>"; };
		DC1E4B4E1A7F54F00009E59F /* SlotData.cc */ = {isa = PBXFileReference; fileEncoding = 4; lastKnownFileType = sourcecode.cpp.cpp; path = SlotData.cc; sourceTree = "<group>"; };
		DC1E4B4F1A7F54F00009E59F /* SlotData.h */ = {isa = PBXFileReference; fileEncoding = 4; lastKnownFileType = sourcecode.c.h; path = SlotData.h; sourceTree = "<group>"; };
		DC1E4B501A7F54F00009E59F /* spine.h */ = {isa = PBXFileReference; fileEncoding = 4; lastKnownFileType = sourcecode.c.h; path = spine.h; sourceTree = "<group>"; };
/* End PBXFileReference section */

/* Begin PBXFrameworksBuildPhase section */
		DC1E4B011A7F54660009E59F /* Frameworks */ = {
			isa = PBXFrameworksBuildPhase;
			buildActionMask = 2147483647;
			files = (
			);
			runOnlyForDeploymentPostprocessing = 0;
		};
/* End PBXFrameworksBuildPhase section */

/* Begin PBXGroup section */
		DC1E4AFB1A7F54660009E59F = {
			isa = PBXGroup;
			children = (
				DC1E4B1F1A7F54F00009E59F /* src */,
				DC1E4B1E1A7F54E40009E59F /* liblibspinesprited.a */,
			);
			sourceTree = "<group>";
		};
		DC1E4B1F1A7F54F00009E59F /* src */ = {
			isa = PBXGroup;
			children = (
				DC1E4B201A7F54F00009E59F /* FsSpineExtention.cc */,
				DC1E4B211A7F54F00009E59F /* FsSpineSprite.cc */,
				DC1E4B221A7F54F00009E59F /* FsSpineSprite.h */,
				DC1E4B231A7F54F00009E59F /* FsSpineSpriteData.cc */,
				DC1E4B241A7F54F00009E59F /* FsSpineSpriteData.h */,
				DC1E4B251A7F54F00009E59F /* FsSpineSpriteDataMgr.cc */,
				DC1E4B261A7F54F00009E59F /* FsSpineSpriteDataMgr.h */,
				DC1E4B271A7F54F00009E59F /* FsTextureAttachment.cc */,
				DC1E4B281A7F54F00009E59F /* FsTextureAttachment.h */,
				DC1E4B291A7F54F00009E59F /* FsTextureAttachmentLoader.cc */,
				DC1E4B2A1A7F54F00009E59F /* FsTextureAttachmentLoader.h */,
				DC1E4B2B1A7F54F00009E59F /* spine */,
			);
			name = src;
			path = ../../src;
			sourceTree = "<group>";
		};
		DC1E4B2B1A7F54F00009E59F /* spine */ = {
			isa = PBXGroup;
			children = (
				DC1E4B2C1A7F54F00009E59F /* Animation.cc */,
				DC1E4B2D1A7F54F00009E59F /* Animation.h */,
				DC1E4B2E1A7F54F00009E59F /* AnimationState.cc */,
				DC1E4B2F1A7F54F00009E59F /* AnimationState.h */,
				DC1E4B301A7F54F00009E59F /* AnimationStateData.cc */,
				DC1E4B311A7F54F00009E59F /* AnimationStateData.h */,
				DC1E4B321A7F54F00009E59F /* Atlas.cc */,
				DC1E4B331A7F54F00009E59F /* Atlas.h */,
				DC1E4B341A7F54F00009E59F /* AtlasAttachmentLoader.cc */,
				DC1E4B351A7F54F00009E59F /* AtlasAttachmentLoader.h */,
				DC1E4B361A7F54F00009E59F /* Attachment.cc */,
				DC1E4B371A7F54F00009E59F /* Attachment.h */,
				DC1E4B381A7F54F00009E59F /* AttachmentLoader.cc */,
				DC1E4B391A7F54F00009E59F /* AttachmentLoader.h */,
				DC1E4B3A1A7F54F00009E59F /* Bone.cc */,
				DC1E4B3B1A7F54F00009E59F /* Bone.h */,
				DC1E4B3C1A7F54F00009E59F /* BoneData.cc */,
				DC1E4B3D1A7F54F00009E59F /* BoneData.h */,
				DC1E4B3E1A7F54F00009E59F /* extension.cc */,
				DC1E4B3F1A7F54F00009E59F /* extension.h */,
				DC1E4B401A7F54F00009E59F /* Json.cc */,
				DC1E4B411A7F54F00009E59F /* Json.h */,
				DC1E4B421A7F54F00009E59F /* RegionAttachment.cc */,
				DC1E4B431A7F54F00009E59F /* RegionAttachment.h */,
				DC1E4B441A7F54F00009E59F /* Skeleton.cc */,
				DC1E4B451A7F54F00009E59F /* Skeleton.h */,
				DC1E4B461A7F54F00009E59F /* SkeletonData.cc */,
				DC1E4B471A7F54F00009E59F /* SkeletonData.h */,
				DC1E4B481A7F54F00009E59F /* SkeletonJson.cc */,
				DC1E4B491A7F54F00009E59F /* SkeletonJson.h */,
				DC1E4B4A1A7F54F00009E59F /* Skin.cc */,
				DC1E4B4B1A7F54F00009E59F /* Skin.h */,
				DC1E4B4C1A7F54F00009E59F /* Slot.cc */,
				DC1E4B4D1A7F54F00009E59F /* Slot.h */,
				DC1E4B4E1A7F54F00009E59F /* SlotData.cc */,
				DC1E4B4F1A7F54F00009E59F /* SlotData.h */,
				DC1E4B501A7F54F00009E59F /* spine.h */,
			);
			path = spine;
			sourceTree = "<group>";
		};
/* End PBXGroup section */

/* Begin PBXNativeTarget section */
		DC1E4B031A7F54660009E59F /* libspinesprite */ = {
			isa = PBXNativeTarget;
			buildConfigurationList = DC1E4B181A7F54660009E59F /* Build configuration list for PBXNativeTarget "libspinesprite" */;
			buildPhases = (
				DC1E4B001A7F54660009E59F /* Sources */,
				DC1E4B011A7F54660009E59F /* Frameworks */,
				DC1E4B021A7F54660009E59F /* CopyFiles */,
			);
			buildRules = (
			);
			dependencies = (
			);
			name = libspinesprite;
			productName = libspinesprite;
			productReference = DC1E4B1E1A7F54E40009E59F /* liblibspinesprited.a */;
			productType = "com.apple.product-type.library.static";
		};
/* End PBXNativeTarget section */

/* Begin PBXProject section */
		DC1E4AFC1A7F54660009E59F /* Project object */ = {
			isa = PBXProject;
			attributes = {
				LastUpgradeCheck = 0610;
				ORGANIZATIONNAME = NosicLin;
				TargetAttributes = {
					DC1E4B031A7F54660009E59F = {
						CreatedOnToolsVersion = 6.1.1;
					};
				};
			};
			buildConfigurationList = DC1E4AFF1A7F54660009E59F /* Build configuration list for PBXProject "libspinesprite" */;
			compatibilityVersion = "Xcode 3.2";
			developmentRegion = English;
			hasScannedForEncodings = 0;
			knownRegions = (
				en,
			);
			mainGroup = DC1E4AFB1A7F54660009E59F;
			productRefGroup = DC1E4AFB1A7F54660009E59F;
			projectDirPath = "";
			projectRoot = "";
			targets = (
				DC1E4B031A7F54660009E59F /* libspinesprite */,
			);
		};
/* End PBXProject section */

/* Begin PBXSourcesBuildPhase section */
		DC1E4B001A7F54660009E59F /* Sources */ = {
			isa = PBXSourcesBuildPhase;
			buildActionMask = 2147483647;
			files = (
				DC1E4B621A7F54F00009E59F /* RegionAttachment.cc in Sources */,
				DC1E4B611A7F54F00009E59F /* Json.cc in Sources */,
				DC1E4B591A7F54F00009E59F /* AnimationStateData.cc in Sources */,
				DC1E4B5A1A7F54F00009E59F /* Atlas.cc in Sources */,
				DC1E4B571A7F54F00009E59F /* Animation.cc in Sources */,
				DC1E4B5E1A7F54F00009E59F /* Bone.cc in Sources */,
				DC1E4B561A7F54F00009E59F /* FsTextureAttachmentLoader.cc in Sources */,
				DC1E4B5D1A7F54F00009E59F /* AttachmentLoader.cc in Sources */,
				DC1E4B651A7F54F00009E59F /* SkeletonJson.cc in Sources */,
				DC1E4B511A7F54F00009E59F /* FsSpineExtention.cc in Sources */,
				DC1E4B551A7F54F00009E59F /* FsTextureAttachment.cc in Sources */,
				DC1E4B5C1A7F54F00009E59F /* Attachment.cc in Sources */,
				DC1E4B531A7F54F00009E59F /* FsSpineSpriteData.cc in Sources */,
				DC1E4B541A7F54F00009E59F /* FsSpineSpriteDataMgr.cc in Sources */,
				DC1E4B671A7F54F00009E59F /* Slot.cc in Sources */,
				DC1E4B5B1A7F54F00009E59F /* AtlasAttachmentLoader.cc in Sources */,
				DC1E4B581A7F54F00009E59F /* AnimationState.cc in Sources */,
				DC1E4B601A7F54F00009E59F /* extension.cc in Sources */,
				DC1E4B521A7F54F00009E59F /* FsSpineSprite.cc in Sources */,
				DC1E4B681A7F54F00009E59F /* SlotData.cc in Sources */,
				DC1E4B631A7F54F00009E59F /* Skeleton.cc in Sources */,
				DC1E4B641A7F54F00009E59F /* SkeletonData.cc in Sources */,
				DC1E4B661A7F54F00009E59F /* Skin.cc in Sources */,
				DC1E4B5F1A7F54F00009E59F /* BoneData.cc in Sources */,
			);
			runOnlyForDeploymentPostprocessing = 0;
		};
/* End PBXSourcesBuildPhase section */

/* Begin XCBuildConfiguration section */
		DC1E4B161A7F54660009E59F /* Debug */ = {
			isa = XCBuildConfiguration;
			buildSettings = {
				ALWAYS_SEARCH_USER_PATHS = NO;
				CLANG_CXX_LANGUAGE_STANDARD = "gnu++0x";
				CLANG_CXX_LIBRARY = "libc++";
				CLANG_ENABLE_MODULES = YES;
				CLANG_ENABLE_OBJC_ARC = YES;
				CLANG_WARN_BOOL_CONVERSION = YES;
				CLANG_WARN_CONSTANT_CONVERSION = YES;
				CLANG_WARN_DIRECT_OBJC_ISA_USAGE = YES_ERROR;
				CLANG_WARN_EMPTY_BODY = YES;
				CLANG_WARN_ENUM_CONVERSION = YES;
				CLANG_WARN_INT_CONVERSION = YES;
				CLANG_WARN_OBJC_ROOT_CLASS = YES_ERROR;
				CLANG_WARN_UNREACHABLE_CODE = YES;
				CLANG_WARN__DUPLICATE_METHOD_MATCH = YES;
				CONFIGURATION_BUILD_DIR = "$(PROJECT_DIR)/../../../../library/ios/";
				COPY_PHASE_STRIP = NO;
				ENABLE_STRICT_OBJC_MSGSEND = YES;
				GCC_C_LANGUAGE_STANDARD = gnu99;
				GCC_DYNAMIC_NO_PIC = NO;
				GCC_OPTIMIZATION_LEVEL = 0;
				GCC_PREPROCESSOR_DEFINITIONS = (
					"DEBUG=1",
					"$(inherited)",
				);
				GCC_SYMBOLS_PRIVATE_EXTERN = NO;
				GCC_WARN_64_TO_32_BIT_CONVERSION = YES;
				GCC_WARN_ABOUT_RETURN_TYPE = YES_ERROR;
				GCC_WARN_UNDECLARED_SELECTOR = YES;
				GCC_WARN_UNINITIALIZED_AUTOS = YES_AGGRESSIVE;
				GCC_WARN_UNUSED_FUNCTION = YES;
				GCC_WARN_UNUSED_VARIABLE = YES;
				IPHONEOS_DEPLOYMENT_TARGET = 8.1;
				MTL_ENABLE_DEBUG_INFO = YES;
				ONLY_ACTIVE_ARCH = NO;
				OTHER_CFLAGS = (
					"-I../../../../libfaeris/src/support",
					"-I../../../../libfaeris/src",
					"-DIOS",
					"-I../../src",
				);
				SDKROOT = iphoneos;
			};
			name = Debug;
		};
		DC1E4B171A7F54660009E59F /* Release */ = {
			isa = XCBuildConfiguration;
			buildSettings = {
				ALWAYS_SEARCH_USER_PATHS = NO;
				CLANG_CXX_LANGUAGE_STANDARD = "gnu++0x";
				CLANG_CXX_LIBRARY = "libc++";
				CLANG_ENABLE_MODULES = YES;
				CLANG_ENABLE_OBJC_ARC = YES;
				CLANG_WARN_BOOL_CONVERSION = YES;
				CLANG_WARN_CONSTANT_CONVERSION = YES;
				CLANG_WARN_DIRECT_OBJC_ISA_USAGE = YES_ERROR;
				CLANG_WARN_EMPTY_BODY = YES;
				CLANG_WARN_ENUM_CONVERSION = YES;
				CLANG_WARN_INT_CONVERSION = YES;
				CLANG_WARN_OBJC_ROOT_CLASS = YES_ERROR;
				CLANG_WARN_UNREACHABLE_CODE = YES;
				CLANG_WARN__DUPLICATE_METHOD_MATCH = YES;
				CONFIGURATION_BUILD_DIR = "$(PROJECT_DIR)/../../../../library/ios/";
				COPY_PHASE_STRIP = YES;
				ENABLE_NS_ASSERTIONS = NO;
				ENABLE_STRICT_OBJC_MSGSEND = YES;
				GCC_C_LANGUAGE_STANDARD = gnu99;
				GCC_WARN_64_TO_32_BIT_CONVERSION = YES;
				GCC_WARN_ABOUT_RETURN_TYPE = YES_ERROR;
				GCC_WARN_UNDECLARED_SELECTOR = YES;
				GCC_WARN_UNINITIALIZED_AUTOS = YES_AGGRESSIVE;
				GCC_WARN_UNUSED_FUNCTION = YES;
				GCC_WARN_UNUSED_VARIABLE = YES;
				IPHONEOS_DEPLOYMENT_TARGET = 8.1;
				MTL_ENABLE_DEBUG_INFO = NO;
				OTHER_CFLAGS = (
					"-I../../../../libfaeris/src/support",
					"-I../../../../libfaeris/src",
					"-DIOS",
					"-I../../src",
				);
				SDKROOT = iphoneos;
				VALIDATE_PRODUCT = YES;
			};
			name = Release;
		};
		DC1E4B191A7F54660009E59F /* Debug */ = {
			isa = XCBuildConfiguration;
			buildSettings = {
				OTHER_LDFLAGS = "-ObjC";
				PRODUCT_NAME = "$(TARGET_NAME)d";
				SKIP_INSTALL = YES;
			};
			name = Debug;
		};
		DC1E4B1A1A7F54660009E59F /* Release */ = {
			isa = XCBuildConfiguration;
			buildSettings = {
				OTHER_LDFLAGS = "-ObjC";
				PRODUCT_NAME = "$(TARGET_NAME)";
				SKIP_INSTALL = YES;
			};
			name = Release;
		};
/* End XCBuildConfiguration section */

/* Begin XCConfigurationList section */
		DC1E4AFF1A7F54660009E59F /* Build configuration list for PBXProject "libspinesprite" */ = {
			isa = XCConfigurationList;
			buildConfigurations = (
				DC1E4B161A7F54660009E59F /* Debug */,
				DC1E4B171A7F54660009E59F /* Release */,
			);
			defaultConfigurationIsVisible = 0;
			defaultConfigurationName = Release;
		};
		DC1E4B181A7F54660009E59F /* Build configuration list for PBXNativeTarget "libspinesprite" */ = {
			isa = XCConfigurationList;
			buildConfigurations = (
				DC1E4B191A7F54660009E59F /* Debug */,
				DC1E4B1A1A7F54660009E59F /* Release */,
			);
			defaultConfigurationIsVisible = 0;
			defaultConfigurationName = Release;
		};
/* End XCConfigurationList section */
	};
	rootObject = DC1E4AFC1A7F54660009E59F /* Project object */;
}
