// !$*UTF8*$!
{
	archiveVersion = 1;
	classes = {
	};
	objectVersion = 46;
	objects = {

/* Begin PBXBuildFile section */
		DCC00A3C1A6970760060D167 /* glslext_grammer.cc in Sources */ = {isa = PBXBuildFile; fileRef = DCC00A321A6970760060D167 /* glslext_grammer.cc */; };
		DCC00A3D1A6970760060D167 /* glslext_parser.cc in Sources */ = {isa = PBXBuildFile; fileRef = DCC00A341A6970760060D167 /* glslext_parser.cc */; };
		DCC00A3E1A6970760060D167 /* glslext_scanner.cc in Sources */ = {isa = PBXBuildFile; fileRef = DCC00A361A6970760060D167 /* glslext_scanner.cc */; };
/* End PBXBuildFile section */

/* Begin PBXCopyFilesBuildPhase section */
		DCC00A0A1A69700D0060D167 /* CopyFiles */ = {
			isa = PBXCopyFilesBuildPhase;
			buildActionMask = 2147483647;
			dstPath = "include/$(PRODUCT_NAME)";
			dstSubfolderSpec = 16;
			files = (
			);
			runOnlyForDeploymentPostprocessing = 0;
		};
/* End PBXCopyFilesBuildPhase section */

/* Begin PBXFileReference section */
		DCC00A311A6970760060D167 /* glslext_defines.h */ = {isa = PBXFileReference; fileEncoding = 4; lastKnownFileType = sourcecode.c.h; path = glslext_defines.h; sourceTree = "<group>"; };
		DCC00A321A6970760060D167 /* glslext_grammer.cc */ = {isa = PBXFileReference; fileEncoding = 4; lastKnownFileType = sourcecode.cpp.cpp; path = glslext_grammer.cc; sourceTree = "<group>"; };
		DCC00A331A6970760060D167 /* glslext_grammer.h */ = {isa = PBXFileReference; fileEncoding = 4; lastKnownFileType = sourcecode.c.h; path = glslext_grammer.h; sourceTree = "<group>"; };
		DCC00A341A6970760060D167 /* glslext_parser.cc */ = {isa = PBXFileReference; fileEncoding = 4; lastKnownFileType = sourcecode.cpp.cpp; path = glslext_parser.cc; sourceTree = "<group>"; };
		DCC00A351A6970760060D167 /* glslext_parser.h */ = {isa = PBXFileReference; fileEncoding = 4; lastKnownFileType = sourcecode.c.h; path = glslext_parser.h; sourceTree = "<group>"; };
		DCC00A361A6970760060D167 /* glslext_scanner.cc */ = {isa = PBXFileReference; fileEncoding = 4; lastKnownFileType = sourcecode.cpp.cpp; path = glslext_scanner.cc; sourceTree = "<group>"; };
		DCC00A371A6970760060D167 /* glslext_scanner.h */ = {isa = PBXFileReference; fileEncoding = 4; lastKnownFileType = sourcecode.c.h; path = glslext_scanner.h; sourceTree = "<group>"; };
		DCC00AA01A69818B0060D167 /* liblibglslextd.a */ = {isa = PBXFileReference; explicitFileType = archive.ar; includeInIndex = 0; path = liblibglslextd.a; sourceTree = BUILT_PRODUCTS_DIR; };
/* End PBXFileReference section */

/* Begin PBXFrameworksBuildPhase section */
		DCC00A091A69700D0060D167 /* Frameworks */ = {
			isa = PBXFrameworksBuildPhase;
			buildActionMask = 2147483647;
			files = (
			);
			runOnlyForDeploymentPostprocessing = 0;
		};
/* End PBXFrameworksBuildPhase section */

/* Begin PBXGroup section */
		DCC00A031A69700D0060D167 = {
			isa = PBXGroup;
			children = (
				DCC00A301A6970760060D167 /* src */,
				DCC00AA01A69818B0060D167 /* liblibglslextd.a */,
			);
			sourceTree = "<group>";
		};
		DCC00A301A6970760060D167 /* src */ = {
			isa = PBXGroup;
			children = (
				DCC00A311A6970760060D167 /* glslext_defines.h */,
				DCC00A321A6970760060D167 /* glslext_grammer.cc */,
				DCC00A331A6970760060D167 /* glslext_grammer.h */,
				DCC00A341A6970760060D167 /* glslext_parser.cc */,
				DCC00A351A6970760060D167 /* glslext_parser.h */,
				DCC00A361A6970760060D167 /* glslext_scanner.cc */,
				DCC00A371A6970760060D167 /* glslext_scanner.h */,
			);
			name = src;
			path = ../../src;
			sourceTree = "<group>";
		};
/* End PBXGroup section */

/* Begin PBXNativeTarget section */
		DCC00A0B1A69700D0060D167 /* libglslext */ = {
			isa = PBXNativeTarget;
			buildConfigurationList = DCC00A201A69700D0060D167 /* Build configuration list for PBXNativeTarget "libglslext" */;
			buildPhases = (
				DCC00A081A69700D0060D167 /* Sources */,
				DCC00A091A69700D0060D167 /* Frameworks */,
				DCC00A0A1A69700D0060D167 /* CopyFiles */,
			);
			buildRules = (
			);
			dependencies = (
			);
			name = libglslext;
			productName = libglslext;
			productReference = DCC00AA01A69818B0060D167 /* liblibglslextd.a */;
			productType = "com.apple.product-type.library.static";
		};
/* End PBXNativeTarget section */

/* Begin PBXProject section */
		DCC00A041A69700D0060D167 /* Project object */ = {
			isa = PBXProject;
			attributes = {
				LastUpgradeCheck = 0610;
				ORGANIZATIONNAME = NosicLin;
				TargetAttributes = {
					DCC00A0B1A69700D0060D167 = {
						CreatedOnToolsVersion = 6.1.1;
					};
				};
			};
			buildConfigurationList = DCC00A071A69700D0060D167 /* Build configuration list for PBXProject "libglslext" */;
			compatibilityVersion = "Xcode 3.2";
			developmentRegion = English;
			hasScannedForEncodings = 0;
			knownRegions = (
				en,
			);
			mainGroup = DCC00A031A69700D0060D167;
			productRefGroup = DCC00A031A69700D0060D167;
			projectDirPath = "";
			projectRoot = "";
			targets = (
				DCC00A0B1A69700D0060D167 /* libglslext */,
			);
		};
/* End PBXProject section */

/* Begin PBXSourcesBuildPhase section */
		DCC00A081A69700D0060D167 /* Sources */ = {
			isa = PBXSourcesBuildPhase;
			buildActionMask = 2147483647;
			files = (
				DCC00A3D1A6970760060D167 /* glslext_parser.cc in Sources */,
				DCC00A3E1A6970760060D167 /* glslext_scanner.cc in Sources */,
				DCC00A3C1A6970760060D167 /* glslext_grammer.cc in Sources */,
			);
			runOnlyForDeploymentPostprocessing = 0;
		};
/* End PBXSourcesBuildPhase section */

/* Begin XCBuildConfiguration section */
		DCC00A1E1A69700D0060D167 /* Debug */ = {
			isa = XCBuildConfiguration;
			buildSettings = {
				ALWAYS_SEARCH_USER_PATHS = NO;
				CLANG_CXX_LANGUAGE_STANDARD = "gnu++0x";
				CLANG_CXX_LIBRARY = "libc++";
				CLANG_ENABLE_MODULES = YES;
				CLANG_ENABLE_OBJC_ARC = YES;
				CLANG_WARN_BOOL_CONVERSION = YES;
				CLANG_WARN_CONSTANT_CONVERSION = YES;
				CLANG_WARN_DIRECT_OBJC_ISA_USAGE = YES_ERROR;
				CLANG_WARN_EMPTY_BODY = YES;
				CLANG_WARN_ENUM_CONVERSION = YES;
				CLANG_WARN_INT_CONVERSION = YES;
				CLANG_WARN_OBJC_ROOT_CLASS = YES_ERROR;
				CLANG_WARN_UNREACHABLE_CODE = YES;
				CLANG_WARN__DUPLICATE_METHOD_MATCH = YES;
				COPY_PHASE_STRIP = NO;
				ENABLE_STRICT_OBJC_MSGSEND = YES;
				GCC_C_LANGUAGE_STANDARD = gnu99;
				GCC_DYNAMIC_NO_PIC = NO;
				GCC_OPTIMIZATION_LEVEL = 0;
				GCC_PREPROCESSOR_DEFINITIONS = (
					"DEBUG=1",
					"$(inherited)",
				);
				GCC_SYMBOLS_PRIVATE_EXTERN = NO;
				GCC_WARN_64_TO_32_BIT_CONVERSION = YES;
				GCC_WARN_ABOUT_RETURN_TYPE = YES_ERROR;
				GCC_WARN_UNDECLARED_SELECTOR = YES;
				GCC_WARN_UNINITIALIZED_AUTOS = YES_AGGRESSIVE;
				GCC_WARN_UNUSED_FUNCTION = YES;
				GCC_WARN_UNUSED_VARIABLE = YES;
				IPHONEOS_DEPLOYMENT_TARGET = 8.1;
				MTL_ENABLE_DEBUG_INFO = YES;
				ONLY_ACTIVE_ARCH = YES;
				SDKROOT = iphoneos;
			};
			name = Debug;
		};
		DCC00A1F1A69700D0060D167 /* Release */ = {
			isa = XCBuildConfiguration;
			buildSettings = {
				ALWAYS_SEARCH_USER_PATHS = NO;
				CLANG_CXX_LANGUAGE_STANDARD = "gnu++0x";
				CLANG_CXX_LIBRARY = "libc++";
				CLANG_ENABLE_MODULES = YES;
				CLANG_ENABLE_OBJC_ARC = YES;
				CLANG_WARN_BOOL_CONVERSION = YES;
				CLANG_WARN_CONSTANT_CONVERSION = YES;
				CLANG_WARN_DIRECT_OBJC_ISA_USAGE = YES_ERROR;
				CLANG_WARN_EMPTY_BODY = YES;
				CLANG_WARN_ENUM_CONVERSION = YES;
				CLANG_WARN_INT_CONVERSION = YES;
				CLANG_WARN_OBJC_ROOT_CLASS = YES_ERROR;
				CLANG_WARN_UNREACHABLE_CODE = YES;
				CLANG_WARN__DUPLICATE_METHOD_MATCH = YES;
				COPY_PHASE_STRIP = YES;
				ENABLE_NS_ASSERTIONS = NO;
				ENABLE_STRICT_OBJC_MSGSEND = YES;
				GCC_C_LANGUAGE_STANDARD = gnu99;
				GCC_WARN_64_TO_32_BIT_CONVERSION = YES;
				GCC_WARN_ABOUT_RETURN_TYPE = YES_ERROR;
				GCC_WARN_UNDECLARED_SELECTOR = YES;
				GCC_WARN_UNINITIALIZED_AUTOS = YES_AGGRESSIVE;
				GCC_WARN_UNUSED_FUNCTION = YES;
				GCC_WARN_UNUSED_VARIABLE = YES;
				IPHONEOS_DEPLOYMENT_TARGET = 8.1;
				MTL_ENABLE_DEBUG_INFO = NO;
				ONLY_ACTIVE_ARCH = YES;
				SDKROOT = iphoneos;
				VALIDATE_PRODUCT = YES;
			};
			name = Release;
		};
		DCC00A211A69700D0060D167 /* Debug */ = {
			isa = XCBuildConfiguration;
			buildSettings = {
				CONFIGURATION_BUILD_DIR = "$(PROJECT_DIR)/../../../../library/ios/3rdparty";
				GCC_WARN_64_TO_32_BIT_CONVERSION = NO;
				GCC_WARN_ABOUT_DEPRECATED_FUNCTIONS = NO;
				ONLY_ACTIVE_ARCH = NO;
				"OTHER_CPLUSPLUSFLAGS[arch=*]" = "-I../../src";
				OTHER_LDFLAGS = "-ObjC";
				PRODUCT_NAME = "$(TARGET_NAME)d";
				SKIP_INSTALL = YES;
			};
			name = Debug;
		};
		DCC00A221A69700D0060D167 /* Release */ = {
			isa = XCBuildConfiguration;
			buildSettings = {
				CONFIGURATION_BUILD_DIR = "$(PROJECT_DIR)/../../../../library/ios/3rdparty";
				GCC_WARN_64_TO_32_BIT_CONVERSION = NO;
				GCC_WARN_ABOUT_DEPRECATED_FUNCTIONS = NO;
				MTL_ENABLE_DEBUG_INFO = NO;
				ONLY_ACTIVE_ARCH = NO;
				OTHER_CPLUSPLUSFLAGS = (
					"$(OTHER_CFLAGS)",
					"-I../../src",
				);
				OTHER_LDFLAGS = "-ObjC";
				PRODUCT_NAME = "$(TARGET_NAME)";
				SKIP_INSTALL = YES;
			};
			name = Release;
		};
/* End XCBuildConfiguration section */

/* Begin XCConfigurationList section */
		DCC00A071A69700D0060D167 /* Build configuration list for PBXProject "libglslext" */ = {
			isa = XCConfigurationList;
			buildConfigurations = (
				DCC00A1E1A69700D0060D167 /* Debug */,
				DCC00A1F1A69700D0060D167 /* Release */,
			);
			defaultConfigurationIsVisible = 0;
			defaultConfigurationName = Release;
		};
		DCC00A201A69700D0060D167 /* Build configuration list for PBXNativeTarget "libglslext" */ = {
			isa = XCConfigurationList;
			buildConfigurations = (
				DCC00A211A69700D0060D167 /* Debug */,
				DCC00A221A69700D0060D167 /* Release */,
			);
			defaultConfigurationIsVisible = 0;
			defaultConfigurationName = Release;
		};
/* End XCConfigurationList section */
	};
	rootObject = DCC00A041A69700D0060D167 /* Project object */;
}
