<?xml version="1.0" encoding="utf-8"?>
<Project ToolsVersion="4.0" xmlns="http://schemas.microsoft.com/developer/msbuild/2003">
  <ItemGroup>
    <Filter Include="src">
      <UniqueIdentifier>{0fb94a93-b2b5-48c1-9127-4f03416184b7}</UniqueIdentifier>
    </Filter>
  </ItemGroup>
  <ItemGroup>
    <ClInclude Include="..\..\src\LibObjCallBacks.h">
      <Filter>src</Filter>
    </ClInclude>
    <ClInclude Include="..\..\src\LibObjMeshGrammer.h">
      <Filter>src</Filter>
    </ClInclude>
    <ClInclude Include="..\..\src\LibObjMeshScanner.h">
      <Filter>src</Filter>
    </ClInclude>
    <ClInclude Include="..\..\src\LibObjModel.h">
      <Filter>src</Filter>
    </ClInclude>
    <ClInclude Include="..\..\src\LibObjMtlGrammer.h">
      <Filter>src</Filter>
    </ClInclude>
    <ClInclude Include="..\..\src\LibObjMtlScanner.h">
      <Filter>src</Filter>
    </ClInclude>
  </ItemGroup>
  <ItemGroup>
    <ClCompile Include="..\..\src\LibObjMeshGrammer.cc">
      <Filter>src</Filter>
    </ClCompile>
    <ClCompile Include="..\..\src\LibObjMeshScanner.cc">
      <Filter>src</Filter>
    </ClCompile>
    <ClCompile Include="..\..\src\LibObjModel.cc">
      <Filter>src</Filter>
    </ClCompile>
    <ClCompile Include="..\..\src\LibObjMtlGrammer.cc">
      <Filter>src</Filter>
    </ClCompile>
    <ClCompile Include="..\..\src\LibObjMtlScanner.cc">
      <Filter>src</Filter>
    </ClCompile>
  </ItemGroup>
</Project>