<?xml version="1.0" encoding="utf-8"?>
<Project ToolsVersion="4.0" xmlns="http://schemas.microsoft.com/developer/msbuild/2003">
  <ItemGroup>
    <Filter Include="src">
      <UniqueIdentifier>{79482403-6e77-4767-808f-235486a46886}</UniqueIdentifier>
    </Filter>
  </ItemGroup>
  <ItemGroup>
    <ClCompile Include="..\..\src\FsGpsProvider.cc">
      <Filter>src</Filter>
    </ClCompile>
    <ClCompile Include="..\..\src\FsPayment.cc">
      <Filter>src</Filter>
    </ClCompile>
  </ItemGroup>
  <ItemGroup>
    <ClInclude Include="..\..\src\FsGpsProvider.h">
      <Filter>src</Filter>
    </ClInclude>
    <ClInclude Include="..\..\src\FsPayment.h">
      <Filter>src</Filter>
    </ClInclude>
  </ItemGroup>
</Project>