<?xml version="1.0" encoding="utf-8"?>
<Project ToolsVersion="4.0" xmlns="http://schemas.microsoft.com/developer/msbuild/2003">
  <ItemGroup>
    <Filter Include="src">
      <UniqueIdentifier>{1db0fd09-fcca-441c-ac3d-6e863e099b26}</UniqueIdentifier>
    </Filter>
  </ItemGroup>
  <ItemGroup>
    <ClCompile Include="..\..\src\libmd5model.c">
      <Filter>src</Filter>
    </ClCompile>
    <ClCompile Include="..\..\src\libmd5modelext.c">
      <Filter>src</Filter>
    </ClCompile>
    <ClCompile Include="..\..\src\md5anim_parser.c">
      <Filter>src</Filter>
    </ClCompile>
    <ClCompile Include="..\..\src\md5anim_scanner.c">
      <Filter>src</Filter>
    </ClCompile>
    <ClCompile Include="..\..\src\md5camera_parser.c">
      <Filter>src</Filter>
    </ClCompile>
    <ClCompile Include="..\..\src\md5camera_scanner.c">
      <Filter>src</Filter>
    </ClCompile>
    <ClCompile Include="..\..\src\md5mesh_parser.c">
      <Filter>src</Filter>
    </ClCompile>
    <ClCompile Include="..\..\src\md5mesh_scanner.c">
      <Filter>src</Filter>
    </ClCompile>
    <ClCompile Include="..\..\bin\md5_reader.c" />
  </ItemGroup>
  <ItemGroup>
    <ClInclude Include="..\..\src\libmd5model.h">
      <Filter>src</Filter>
    </ClInclude>
    <ClInclude Include="..\..\src\libmd5modelext.h">
      <Filter>src</Filter>
    </ClInclude>
    <ClInclude Include="..\..\src\md5anim_defines.h">
      <Filter>src</Filter>
    </ClInclude>
    <ClInclude Include="..\..\src\md5anim_parser.h">
      <Filter>src</Filter>
    </ClInclude>
    <ClInclude Include="..\..\src\md5camera_defines.h">
      <Filter>src</Filter>
    </ClInclude>
    <ClInclude Include="..\..\src\md5camera_parser.h">
      <Filter>src</Filter>
    </ClInclude>
    <ClInclude Include="..\..\src\md5mesh_defines.h">
      <Filter>src</Filter>
    </ClInclude>
    <ClInclude Include="..\..\src\md5mesh_parser.h">
      <Filter>src</Filter>
    </ClInclude>
  </ItemGroup>
</Project>